
Microsoft Visual Studio Solution File, Format Version 12.00
# Visual Studio Version 17
VisualStudioVersion = 17.5.33502.453
MinimumVisualStudioVersion = 10.0.40219.1
Project("{FAE04EC0-301F-11D3-BF4B-00C04F79EFBC}") = "hedgehog", "hedgehog\hedgehog.csproj", "{367D4DED-CC9B-44A8-BB96-07C866CDA663}"
EndProject
Global
	GlobalSection(SolutionConfigurationPlatforms) = preSolution
		Debug|Any CPU = Debug|Any CPU
		Release|Any CPU = Release|Any CPU
	EndGlobalSection
	GlobalSection(ProjectConfigurationPlatforms) = postSolution
		{367D4DED-CC9B-44A8-BB96-07C866CDA663}.Debug|Any CPU.ActiveCfg = Debug|Any CPU
		{367D4DED-CC9B-44A8-BB96-07C866CDA663}.Debug|Any CPU.Build.0 = Debug|Any CPU
		{367D4DED-CC9B-44A8-BB96-07C866CDA663}.Release|Any CPU.ActiveCfg = Release|Any CPU
		{367D4DED-CC9B-44A8-BB96-07C866CDA663}.Release|Any CPU.Build.0 = Release|Any CPU
	EndGlobalSection
	GlobalSection(SolutionProperties) = preSolution
		HideSolutionNode = FALSE
	EndGlobalSection
	GlobalSection(ExtensibilityGlobals) = postSolution
		SolutionGuid = {79455E7A-A38C-41FF-92A9-7A880037CA3A}
	EndGlobalSection
EndGlobal
